
Microsoft Visual Studio Solution File, Format Version 12.00
# Visual Studio Version 17
VisualStudioVersion = 17.4.33122.133
MinimumVisualStudioVersion = 10.0.40219.1
Project("{FAE04EC0-301F-11D3-BF4B-00C04F79EFBC}") = "Ascending.Descending.Basic.Loops", "Ascending.Descending.Basic.Loops\Ascending.Descending.Basic.Loops.csproj", "{B2FC3724-0FDC-41AA-8717-13EC11AFDA65}"
EndProject
Global
	GlobalSection(SolutionConfigurationPlatforms) = preSolution
		Debug|Any CPU = Debug|Any CPU
		Release|Any CPU = Release|Any CPU
	EndGlobalSection
	GlobalSection(ProjectConfigurationPlatforms) = postSolution
		{B2FC3724-0FDC-41AA-8717-13EC11AFDA65}.Debug|Any CPU.ActiveCfg = Debug|Any CPU
		{B2FC3724-0FDC-41AA-8717-13EC11AFDA65}.Debug|Any CPU.Build.0 = Debug|Any CPU
		{B2FC3724-0FDC-41AA-8717-13EC11AFDA65}.Release|Any CPU.ActiveCfg = Release|Any CPU
		{B2FC3724-0FDC-41AA-8717-13EC11AFDA65}.Release|Any CPU.Build.0 = Release|Any CPU
	EndGlobalSection
	GlobalSection(SolutionProperties) = preSolution
		HideSolutionNode = FALSE
	EndGlobalSection
	GlobalSection(ExtensibilityGlobals) = postSolution
		SolutionGuid = {93A307D9-C38B-4D56-9F5A-48DA4D3B6BC4}
	EndGlobalSection
EndGlobal
